# THIS IS AN AUTOGENERATED FILE. DO NOT EDIT THIS FILE DIRECTLY.
# yarn lockfile v1


undici@^5.4.0:
  version "5.4.0"
  resolved "https://registry.yarnpkg.com/undici/-/undici-5.4.0.tgz#c474fae02743d4788b96118d46008a24195024d2"
  integrity sha512-A1SRXysDg7J+mVP46jF+9cKANw0kptqSFZ8tGyL+HBiv0K1spjxPX8Z4EGu+Eu6pjClJUBdnUPlxrOafR668/g==
